// !$*UTF8*$!
{
	archiveVersion = 1;
	classes = {
	};
	objectVersion = 56;
	objects = {

/* Begin PBXBuildFile section */
		D8E3B0362A9C1D6800717539 /* AppDelegate.swift in Sources */ = {isa = PBXBuildFile; fileRef = D8E3B0352A9C1D6800717539 /* AppDelegate.swift */; };
		D8E3B0382A9C1D6800717539 /* SceneDelegate.swift in Sources */ = {isa = PBXBuildFile; fileRef = D8E3B0372A9C1D6800717539 /* SceneDelegate.swift */; };
		D8E3B03A2A9C1D6800717539 /* AddViewController.swift in Sources */ = {isa = PBXBuildFile; fileRef = D8E3B0392A9C1D6800717539 /* AddViewController.swift */; };
		D8E3B03F2A9C1D6A00717539 /* Assets.xcassets in Resources */ = {isa = PBXBuildFile; fileRef = D8E3B03E2A9C1D6A00717539 /* Assets.xcassets */; };
		D8E3B0422A9C1D6A00717539 /* LaunchScreen.storyboard in Resources */ = {isa = PBXBuildFile; fileRef = D8E3B0402A9C1D6A00717539 /* LaunchScreen.storyboard */; };
		D8E3B04B2A9C1E1C00717539 /* SnapKit in Frameworks */ = {isa = PBXBuildFile; productRef = D8E3B04A2A9C1E1C00717539 /* SnapKit */; };
		D8E3B04E2A9C242300717539 /* BaseViewController.swift in Sources */ = {isa = PBXBuildFile; fileRef = D8E3B04D2A9C242300717539 /* BaseViewController.swift */; };
		D8E3B0512A9C274C00717539 /* SearchViewController.swift in Sources */ = {isa = PBXBuildFile; fileRef = D8E3B0502A9C274C00717539 /* SearchViewController.swift */; };
		D8E3B0532A9C2EB400717539 /* BaseView.swift in Sources */ = {isa = PBXBuildFile; fileRef = D8E3B0522A9C2EB400717539 /* BaseView.swift */; };
		D8E3B0582A9C337400717539 /* SearchView.swift in Sources */ = {isa = PBXBuildFile; fileRef = D8E3B0572A9C337400717539 /* SearchView.swift */; };
		D8E3B05A2A9C365C00717539 /* BaseCollectionViewCell.swift in Sources */ = {isa = PBXBuildFile; fileRef = D8E3B0592A9C365C00717539 /* BaseCollectionViewCell.swift */; };
		D8E3B05C2A9C37F500717539 /* SearchCollectionViewCell.swift in Sources */ = {isa = PBXBuildFile; fileRef = D8E3B05B2A9C37F500717539 /* SearchCollectionViewCell.swift */; };
		D8E3B05E2A9CC64800717539 /* AddView.swift in Sources */ = {isa = PBXBuildFile; fileRef = D8E3B05D2A9CC64800717539 /* AddView.swift */; };
		D8E3B0642A9D7BE800717539 /* Notification+Extension.swift in Sources */ = {isa = PBXBuildFile; fileRef = D8E3B0632A9D7BE800717539 /* Notification+Extension.swift */; };
		D8E3B0662A9D7C7F00717539 /* DateView.swift in Sources */ = {isa = PBXBuildFile; fileRef = D8E3B0652A9D7C7F00717539 /* DateView.swift */; };
		D8E3B0682A9D7DBD00717539 /* DateViewController.swift in Sources */ = {isa = PBXBuildFile; fileRef = D8E3B0672A9D7DBD00717539 /* DateViewController.swift */; };
		D8E3B06A2A9D8E8C00717539 /* DateFormat+Extension.swift in Sources */ = {isa = PBXBuildFile; fileRef = D8E3B0692A9D8E8C00717539 /* DateFormat+Extension.swift */; };
		D8E3B09D2A9D9BBA00717539 /* SeSACPhotoFramework.framework in Frameworks */ = {isa = PBXBuildFile; fileRef = D8E3B0992A9D9B3700717539 /* SeSACPhotoFramework.framework */; };
		D8E3B09E2A9D9BBA00717539 /* SeSACPhotoFramework.framework in Embed Frameworks */ = {isa = PBXBuildFile; fileRef = D8E3B0992A9D9B3700717539 /* SeSACPhotoFramework.framework */; settings = {ATTRIBUTES = (CodeSignOnCopy, RemoveHeadersOnCopy, ); }; };
		D8E3B0A12A9DB54F00717539 /* TitleViewController.swift in Sources */ = {isa = PBXBuildFile; fileRef = D8E3B0A02A9DB54F00717539 /* TitleViewController.swift */; };
		D8E3B0A32A9DBACE00717539 /* ClosureViewController.swift in Sources */ = {isa = PBXBuildFile; fileRef = D8E3B0A22A9DBACE00717539 /* ClosureViewController.swift */; };
		D8E3B0A52A9DC75000717539 /* WebViewController.swift in Sources */ = {isa = PBXBuildFile; fileRef = D8E3B0A42A9DC75000717539 /* WebViewController.swift */; };
		D8E3B0D22A9EC73900717539 /* APIService.swift in Sources */ = {isa = PBXBuildFile; fileRef = D8E3B0D12A9EC73900717539 /* APIService.swift */; };
		D8E3B0D42A9EEBD300717539 /* URLSessionViewController.swift in Sources */ = {isa = PBXBuildFile; fileRef = D8E3B0D32A9EEBD300717539 /* URLSessionViewController.swift */; };
/* End PBXBuildFile section */

/* Begin PBXContainerItemProxy section */
		D8E3B0982A9D9B3700717539 /* PBXContainerItemProxy */ = {
			isa = PBXContainerItemProxy;
			containerPortal = D8E3B0932A9D9B3700717539 /* SeSACPhotoFramework.xcodeproj */;
			proxyType = 2;
			remoteGlobalIDString = D8E3B0752A9D92AC00717539;
			remoteInfo = SeSACPhotoFramework;
		};
		D8E3B09A2A9D9B3700717539 /* PBXContainerItemProxy */ = {
			isa = PBXContainerItemProxy;
			containerPortal = D8E3B0932A9D9B3700717539 /* SeSACPhotoFramework.xcodeproj */;
			proxyType = 2;
			remoteGlobalIDString = D8E3B07F2A9D92AC00717539;
			remoteInfo = SeSACPhotoFrameworkTests;
		};
/* End PBXContainerItemProxy section */

/* Begin PBXCopyFilesBuildPhase section */
		D8E3B09F2A9D9BBA00717539 /* Embed Frameworks */ = {
			isa = PBXCopyFilesBuildPhase;
			buildActionMask = 2147483647;
			dstPath = "";
			dstSubfolderSpec = 10;
			files = (
				D8E3B09E2A9D9BBA00717539 /* SeSACPhotoFramework.framework in Embed Frameworks */,
			);
			name = "Embed Frameworks";
			runOnlyForDeploymentPostprocessing = 0;
		};
/* End PBXCopyFilesBuildPhase section */

/* Begin PBXFileReference section */
		D8E3B0322A9C1D6800717539 /* PhotoGram.app */ = {isa = PBXFileReference; explicitFileType = wrapper.application; includeInIndex = 0; path = PhotoGram.app; sourceTree = BUILT_PRODUCTS_DIR; };
		D8E3B0352A9C1D6800717539 /* AppDelegate.swift */ = {isa = PBXFileReference; lastKnownFileType = sourcecode.swift; path = AppDelegate.swift; sourceTree = "<group>"; };
		D8E3B0372A9C1D6800717539 /* SceneDelegate.swift */ = {isa = PBXFileReference; lastKnownFileType = sourcecode.swift; path = SceneDelegate.swift; sourceTree = "<group>"; };
		D8E3B0392A9C1D6800717539 /* AddViewController.swift */ = {isa = PBXFileReference; lastKnownFileType = sourcecode.swift; path = AddViewController.swift; sourceTree = "<group>"; };
		D8E3B03E2A9C1D6A00717539 /* Assets.xcassets */ = {isa = PBXFileReference; lastKnownFileType = folder.assetcatalog; path = Assets.xcassets; sourceTree = "<group>"; };
		D8E3B0412A9C1D6A00717539 /* Base */ = {isa = PBXFileReference; lastKnownFileType = file.storyboard; name = Base; path = Base.lproj/LaunchScreen.storyboard; sourceTree = "<group>"; };
		D8E3B0432A9C1D6A00717539 /* Info.plist */ = {isa = PBXFileReference; lastKnownFileType = text.plist.xml; path = Info.plist; sourceTree = "<group>"; };
		D8E3B04D2A9C242300717539 /* BaseViewController.swift */ = {isa = PBXFileReference; lastKnownFileType = sourcecode.swift; path = BaseViewController.swift; sourceTree = "<group>"; };
		D8E3B0502A9C274C00717539 /* SearchViewController.swift */ = {isa = PBXFileReference; lastKnownFileType = sourcecode.swift; path = SearchViewController.swift; sourceTree = "<group>"; };
		D8E3B0522A9C2EB400717539 /* BaseView.swift */ = {isa = PBXFileReference; lastKnownFileType = sourcecode.swift; path = BaseView.swift; sourceTree = "<group>"; };
		D8E3B0572A9C337400717539 /* SearchView.swift */ = {isa = PBXFileReference; lastKnownFileType = sourcecode.swift; path = SearchView.swift; sourceTree = "<group>"; };
		D8E3B0592A9C365C00717539 /* BaseCollectionViewCell.swift */ = {isa = PBXFileReference; lastKnownFileType = sourcecode.swift; path = BaseCollectionViewCell.swift; sourceTree = "<group>"; };
		D8E3B05B2A9C37F500717539 /* SearchCollectionViewCell.swift */ = {isa = PBXFileReference; lastKnownFileType = sourcecode.swift; path = SearchCollectionViewCell.swift; sourceTree = "<group>"; };
		D8E3B05D2A9CC64800717539 /* AddView.swift */ = {isa = PBXFileReference; lastKnownFileType = sourcecode.swift; path = AddView.swift; sourceTree = "<group>"; };
		D8E3B0632A9D7BE800717539 /* Notification+Extension.swift */ = {isa = PBXFileReference; lastKnownFileType = sourcecode.swift; path = "Notification+Extension.swift"; sourceTree = "<group>"; };
		D8E3B0652A9D7C7F00717539 /* DateView.swift */ = {isa = PBXFileReference; lastKnownFileType = sourcecode.swift; path = DateView.swift; sourceTree = "<group>"; };
		D8E3B0672A9D7DBD00717539 /* DateViewController.swift */ = {isa = PBXFileReference; lastKnownFileType = sourcecode.swift; path = DateViewController.swift; sourceTree = "<group>"; };
		D8E3B0692A9D8E8C00717539 /* DateFormat+Extension.swift */ = {isa = PBXFileReference; lastKnownFileType = sourcecode.swift; path = "DateFormat+Extension.swift"; sourceTree = "<group>"; };
		D8E3B0932A9D9B3700717539 /* SeSACPhotoFramework.xcodeproj */ = {isa = PBXFileReference; lastKnownFileType = "wrapper.pb-project"; name = SeSACPhotoFramework.xcodeproj; path = ../SeSACPhotoFramework/SeSACPhotoFramework.xcodeproj; sourceTree = "<group>"; };
		D8E3B0A02A9DB54F00717539 /* TitleViewController.swift */ = {isa = PBXFileReference; lastKnownFileType = sourcecode.swift; path = TitleViewController.swift; sourceTree = "<group>"; };
		D8E3B0A22A9DBACE00717539 /* ClosureViewController.swift */ = {isa = PBXFileReference; lastKnownFileType = sourcecode.swift; path = ClosureViewController.swift; sourceTree = "<group>"; };
		D8E3B0A42A9DC75000717539 /* WebViewController.swift */ = {isa = PBXFileReference; lastKnownFileType = sourcecode.swift; path = WebViewController.swift; sourceTree = "<group>"; };
		D8E3B0D12A9EC73900717539 /* APIService.swift */ = {isa = PBXFileReference; lastKnownFileType = sourcecode.swift; path = APIService.swift; sourceTree = "<group>"; };
		D8E3B0D32A9EEBD300717539 /* URLSessionViewController.swift */ = {isa = PBXFileReference; lastKnownFileType = sourcecode.swift; path = URLSessionViewController.swift; sourceTree = "<group>"; };
/* End PBXFileReference section */

/* Begin PBXFrameworksBuildPhase section */
		D8E3B02F2A9C1D6800717539 /* Frameworks */ = {
			isa = PBXFrameworksBuildPhase;
			buildActionMask = 2147483647;
			files = (
				D8E3B09D2A9D9BBA00717539 /* SeSACPhotoFramework.framework in Frameworks */,
				D8E3B04B2A9C1E1C00717539 /* SnapKit in Frameworks */,
			);
			runOnlyForDeploymentPostprocessing = 0;
		};
/* End PBXFrameworksBuildPhase section */

/* Begin PBXGroup section */
		D8E3B0292A9C1D6800717539 = {
			isa = PBXGroup;
			children = (
				D8E3B0932A9D9B3700717539 /* SeSACPhotoFramework.xcodeproj */,
				D8E3B0342A9C1D6800717539 /* PhotoGram */,
				D8E3B0332A9C1D6800717539 /* Products */,
				D8E3B09C2A9D9BBA00717539 /* Frameworks */,
			);
			sourceTree = "<group>";
		};
		D8E3B0332A9C1D6800717539 /* Products */ = {
			isa = PBXGroup;
			children = (
				D8E3B0322A9C1D6800717539 /* PhotoGram.app */,
			);
			name = Products;
			sourceTree = "<group>";
		};
		D8E3B0342A9C1D6800717539 /* PhotoGram */ = {
			isa = PBXGroup;
			children = (
				D8E3B0D02A9EC72600717539 /* Network */,
				D8E3B0622A9D7BBE00717539 /* Extension */,
				D8E3B0542A9C2FC500717539 /* Add */,
				D8E3B04F2A9C271F00717539 /* Search */,
				D8E3B04C2A9C23EF00717539 /* Base */,
				D8E3B0352A9C1D6800717539 /* AppDelegate.swift */,
				D8E3B0372A9C1D6800717539 /* SceneDelegate.swift */,
				D8E3B03E2A9C1D6A00717539 /* Assets.xcassets */,
				D8E3B0402A9C1D6A00717539 /* LaunchScreen.storyboard */,
				D8E3B0432A9C1D6A00717539 /* Info.plist */,
				D8E3B0A42A9DC75000717539 /* WebViewController.swift */,
			);
			path = PhotoGram;
			sourceTree = "<group>";
		};
		D8E3B04C2A9C23EF00717539 /* Base */ = {
			isa = PBXGroup;
			children = (
				D8E3B04D2A9C242300717539 /* BaseViewController.swift */,
				D8E3B0522A9C2EB400717539 /* BaseView.swift */,
				D8E3B0592A9C365C00717539 /* BaseCollectionViewCell.swift */,
			);
			path = Base;
			sourceTree = "<group>";
		};
		D8E3B04F2A9C271F00717539 /* Search */ = {
			isa = PBXGroup;
			children = (
				D8E3B0502A9C274C00717539 /* SearchViewController.swift */,
				D8E3B0572A9C337400717539 /* SearchView.swift */,
				D8E3B05B2A9C37F500717539 /* SearchCollectionViewCell.swift */,
			);
			path = Search;
			sourceTree = "<group>";
		};
		D8E3B0542A9C2FC500717539 /* Add */ = {
			isa = PBXGroup;
			children = (
				D8E3B0392A9C1D6800717539 /* AddViewController.swift */,
				D8E3B05D2A9CC64800717539 /* AddView.swift */,
				D8E3B0652A9D7C7F00717539 /* DateView.swift */,
				D8E3B0672A9D7DBD00717539 /* DateViewController.swift */,
				D8E3B0A02A9DB54F00717539 /* TitleViewController.swift */,
				D8E3B0A22A9DBACE00717539 /* ClosureViewController.swift */,
			);
			path = Add;
			sourceTree = "<group>";
		};
		D8E3B0622A9D7BBE00717539 /* Extension */ = {
			isa = PBXGroup;
			children = (
				D8E3B0632A9D7BE800717539 /* Notification+Extension.swift */,
				D8E3B0692A9D8E8C00717539 /* DateFormat+Extension.swift */,
			);
			path = Extension;
			sourceTree = "<group>";
		};
		D8E3B0942A9D9B3700717539 /* Products */ = {
			isa = PBXGroup;
			children = (
				D8E3B0992A9D9B3700717539 /* SeSACPhotoFramework.framework */,
				D8E3B09B2A9D9B3700717539 /* SeSACPhotoFrameworkTests.xctest */,
			);
			name = Products;
			sourceTree = "<group>";
		};
		D8E3B09C2A9D9BBA00717539 /* Frameworks */ = {
			isa = PBXGroup;
			children = (
			);
			name = Frameworks;
			sourceTree = "<group>";
		};
		D8E3B0D02A9EC72600717539 /* Network */ = {
			isa = PBXGroup;
			children = (
				D8E3B0D12A9EC73900717539 /* APIService.swift */,
				D8E3B0D32A9EEBD300717539 /* URLSessionViewController.swift */,
			);
			path = Network;
			sourceTree = "<group>";
		};
/* End PBXGroup section */

/* Begin PBXNativeTarget section */
		D8E3B0312A9C1D6800717539 /* PhotoGram */ = {
			isa = PBXNativeTarget;
			buildConfigurationList = D8E3B0462A9C1D6A00717539 /* Build configuration list for PBXNativeTarget "PhotoGram" */;
			buildPhases = (
				D8E3B02E2A9C1D6800717539 /* Sources */,
				D8E3B02F2A9C1D6800717539 /* Frameworks */,
				D8E3B0302A9C1D6800717539 /* Resources */,
				D8E3B09F2A9D9BBA00717539 /* Embed Frameworks */,
			);
			buildRules = (
			);
			dependencies = (
			);
			name = PhotoGram;
			packageProductDependencies = (
				D8E3B04A2A9C1E1C00717539 /* SnapKit */,
			);
			productName = PhotoGram;
			productReference = D8E3B0322A9C1D6800717539 /* PhotoGram.app */;
			productType = "com.apple.product-type.application";
		};
/* End PBXNativeTarget section */

/* Begin PBXProject section */
		D8E3B02A2A9C1D6800717539 /* Project object */ = {
			isa = PBXProject;
			attributes = {
				BuildIndependentTargetsInParallel = 1;
				LastSwiftUpdateCheck = 1430;
				LastUpgradeCheck = 1430;
				TargetAttributes = {
					D8E3B0312A9C1D6800717539 = {
						CreatedOnToolsVersion = 14.3.1;
					};
				};
			};
			buildConfigurationList = D8E3B02D2A9C1D6800717539 /* Build configuration list for PBXProject "PhotoGram" */;
			compatibilityVersion = "Xcode 14.0";
			developmentRegion = en;
			hasScannedForEncodings = 0;
			knownRegions = (
				en,
				Base,
			);
			mainGroup = D8E3B0292A9C1D6800717539;
			packageReferences = (
				D8E3B0492A9C1E1C00717539 /* XCRemoteSwiftPackageReference "SnapKit" */,
			);
			productRefGroup = D8E3B0332A9C1D6800717539 /* Products */;
			projectDirPath = "";
			projectReferences = (
				{
					ProductGroup = D8E3B0942A9D9B3700717539 /* Products */;
					ProjectRef = D8E3B0932A9D9B3700717539 /* SeSACPhotoFramework.xcodeproj */;
				},
			);
			projectRoot = "";
			targets = (
				D8E3B0312A9C1D6800717539 /* PhotoGram */,
			);
		};
/* End PBXProject section */

/* Begin PBXReferenceProxy section */
		D8E3B0992A9D9B3700717539 /* SeSACPhotoFramework.framework */ = {
			isa = PBXReferenceProxy;
			fileType = wrapper.framework;
			path = SeSACPhotoFramework.framework;
			remoteRef = D8E3B0982A9D9B3700717539 /* PBXContainerItemProxy */;
			sourceTree = BUILT_PRODUCTS_DIR;
		};
		D8E3B09B2A9D9B3700717539 /* SeSACPhotoFrameworkTests.xctest */ = {
			isa = PBXReferenceProxy;
			fileType = wrapper.cfbundle;
			path = SeSACPhotoFrameworkTests.xctest;
			remoteRef = D8E3B09A2A9D9B3700717539 /* PBXContainerItemProxy */;
			sourceTree = BUILT_PRODUCTS_DIR;
		};
/* End PBXReferenceProxy section */

/* Begin PBXResourcesBuildPhase section */
		D8E3B0302A9C1D6800717539 /* Resources */ = {
			isa = PBXResourcesBuildPhase;
			buildActionMask = 2147483647;
			files = (
				D8E3B0422A9C1D6A00717539 /* LaunchScreen.storyboard in Resources */,
				D8E3B03F2A9C1D6A00717539 /* Assets.xcassets in Resources */,
			);
			runOnlyForDeploymentPostprocessing = 0;
		};
/* End PBXResourcesBuildPhase section */

/* Begin PBXSourcesBuildPhase section */
		D8E3B02E2A9C1D6800717539 /* Sources */ = {
			isa = PBXSourcesBuildPhase;
			buildActionMask = 2147483647;
			files = (
				D8E3B0642A9D7BE800717539 /* Notification+Extension.swift in Sources */,
				D8E3B0512A9C274C00717539 /* SearchViewController.swift in Sources */,
				D8E3B0A32A9DBACE00717539 /* ClosureViewController.swift in Sources */,
				D8E3B05A2A9C365C00717539 /* BaseCollectionViewCell.swift in Sources */,
				D8E3B05E2A9CC64800717539 /* AddView.swift in Sources */,
				D8E3B06A2A9D8E8C00717539 /* DateFormat+Extension.swift in Sources */,
				D8E3B03A2A9C1D6800717539 /* AddViewController.swift in Sources */,
				D8E3B0682A9D7DBD00717539 /* DateViewController.swift in Sources */,
				D8E3B05C2A9C37F500717539 /* SearchCollectionViewCell.swift in Sources */,
				D8E3B0662A9D7C7F00717539 /* DateView.swift in Sources */,
				D8E3B0D42A9EEBD300717539 /* URLSessionViewController.swift in Sources */,
				D8E3B04E2A9C242300717539 /* BaseViewController.swift in Sources */,
				D8E3B0582A9C337400717539 /* SearchView.swift in Sources */,
				D8E3B0A52A9DC75000717539 /* WebViewController.swift in Sources */,
				D8E3B0532A9C2EB400717539 /* BaseView.swift in Sources */,
				D8E3B0362A9C1D6800717539 /* AppDelegate.swift in Sources */,
				D8E3B0382A9C1D6800717539 /* SceneDelegate.swift in Sources */,
				D8E3B0D22A9EC73900717539 /* APIService.swift in Sources */,
				D8E3B0A12A9DB54F00717539 /* TitleViewController.swift in Sources */,
			);
			runOnlyForDeploymentPostprocessing = 0;
		};
/* End PBXSourcesBuildPhase section */

/* Begin PBXVariantGroup section */
		D8E3B0402A9C1D6A00717539 /* LaunchScreen.storyboard */ = {
			isa = PBXVariantGroup;
			children = (
				D8E3B0412A9C1D6A00717539 /* Base */,
			);
			name = LaunchScreen.storyboard;
			sourceTree = "<group>";
		};
/* End PBXVariantGroup section */

/* Begin XCBuildConfiguration section */
		D8E3B0442A9C1D6A00717539 /* Debug */ = {
			isa = XCBuildConfiguration;
			buildSettings = {
				ALWAYS_SEARCH_USER_PATHS = NO;
				CLANG_ANALYZER_NONNULL = YES;
				CLANG_ANALYZER_NUMBER_OBJECT_CONVERSION = YES_AGGRESSIVE;
				CLANG_CXX_LANGUAGE_STANDARD = "gnu++20";
				CLANG_ENABLE_MODULES = YES;
				CLANG_ENABLE_OBJC_ARC = YES;
				CLANG_ENABLE_OBJC_WEAK = YES;
				CLANG_WARN_BLOCK_CAPTURE_AUTORELEASING = YES;
				CLANG_WARN_BOOL_CONVERSION = YES;
				CLANG_WARN_COMMA = YES;
				CLANG_WARN_CONSTANT_CONVERSION = YES;
				CLANG_WARN_DEPRECATED_OBJC_IMPLEMENTATIONS = YES;
				CLANG_WARN_DIRECT_OBJC_ISA_USAGE = YES_ERROR;
				CLANG_WARN_DOCUMENTATION_COMMENTS = YES;
				CLANG_WARN_EMPTY_BODY = YES;
				CLANG_WARN_ENUM_CONVERSION = YES;
				CLANG_WARN_INFINITE_RECURSION = YES;
				CLANG_WARN_INT_CONVERSION = YES;
				CLANG_WARN_NON_LITERAL_NULL_CONVERSION = YES;
				CLANG_WARN_OBJC_IMPLICIT_RETAIN_SELF = YES;
				CLANG_WARN_OBJC_LITERAL_CONVERSION = YES;
				CLANG_WARN_OBJC_ROOT_CLASS = YES_ERROR;
				CLANG_WARN_QUOTED_INCLUDE_IN_FRAMEWORK_HEADER = YES;
				CLANG_WARN_RANGE_LOOP_ANALYSIS = YES;
				CLANG_WARN_STRICT_PROTOTYPES = YES;
				CLANG_WARN_SUSPICIOUS_MOVE = YES;
				CLANG_WARN_UNGUARDED_AVAILABILITY = YES_AGGRESSIVE;
				CLANG_WARN_UNREACHABLE_CODE = YES;
				CLANG_WARN__DUPLICATE_METHOD_MATCH = YES;
				COPY_PHASE_STRIP = NO;
				DEBUG_INFORMATION_FORMAT = dwarf;
				ENABLE_STRICT_OBJC_MSGSEND = YES;
				ENABLE_TESTABILITY = YES;
				GCC_C_LANGUAGE_STANDARD = gnu11;
				GCC_DYNAMIC_NO_PIC = NO;
				GCC_NO_COMMON_BLOCKS = YES;
				GCC_OPTIMIZATION_LEVEL = 0;
				GCC_PREPROCESSOR_DEFINITIONS = (
					"DEBUG=1",
					"$(inherited)",
				);
				GCC_WARN_64_TO_32_BIT_CONVERSION = YES;
				GCC_WARN_ABOUT_RETURN_TYPE = YES_ERROR;
				GCC_WARN_UNDECLARED_SELECTOR = YES;
				GCC_WARN_UNINITIALIZED_AUTOS = YES_AGGRESSIVE;
				GCC_WARN_UNUSED_FUNCTION = YES;
				GCC_WARN_UNUSED_VARIABLE = YES;
				IPHONEOS_DEPLOYMENT_TARGET = 16.4;
				MTL_ENABLE_DEBUG_INFO = INCLUDE_SOURCE;
				MTL_FAST_MATH = YES;
				ONLY_ACTIVE_ARCH = YES;
				SDKROOT = iphoneos;
				SWIFT_ACTIVE_COMPILATION_CONDITIONS = DEBUG;
				SWIFT_OPTIMIZATION_LEVEL = "-Onone";
			};
			name = Debug;
		};
		D8E3B0452A9C1D6A00717539 /* Release */ = {
			isa = XCBuildConfiguration;
			buildSettings = {
				ALWAYS_SEARCH_USER_PATHS = NO;
				CLANG_ANALYZER_NONNULL = YES;
				CLANG_ANALYZER_NUMBER_OBJECT_CONVERSION = YES_AGGRESSIVE;
				CLANG_CXX_LANGUAGE_STANDARD = "gnu++20";
				CLANG_ENABLE_MODULES = YES;
				CLANG_ENABLE_OBJC_ARC = YES;
				CLANG_ENABLE_OBJC_WEAK = YES;
				CLANG_WARN_BLOCK_CAPTURE_AUTORELEASING = YES;
				CLANG_WARN_BOOL_CONVERSION = YES;
				CLANG_WARN_COMMA = YES;
				CLANG_WARN_CONSTANT_CONVERSION = YES;
				CLANG_WARN_DEPRECATED_OBJC_IMPLEMENTATIONS = YES;
				CLANG_WARN_DIRECT_OBJC_ISA_USAGE = YES_ERROR;
				CLANG_WARN_DOCUMENTATION_COMMENTS = YES;
				CLANG_WARN_EMPTY_BODY = YES;
				CLANG_WARN_ENUM_CONVERSION = YES;
				CLANG_WARN_INFINITE_RECURSION = YES;
				CLANG_WARN_INT_CONVERSION = YES;
				CLANG_WARN_NON_LITERAL_NULL_CONVERSION = YES;
				CLANG_WARN_OBJC_IMPLICIT_RETAIN_SELF = YES;
				CLANG_WARN_OBJC_LITERAL_CONVERSION = YES;
				CLANG_WARN_OBJC_ROOT_CLASS = YES_ERROR;
				CLANG_WARN_QUOTED_INCLUDE_IN_FRAMEWORK_HEADER = YES;
				CLANG_WARN_RANGE_LOOP_ANALYSIS = YES;
				CLANG_WARN_STRICT_PROTOTYPES = YES;
				CLANG_WARN_SUSPICIOUS_MOVE = YES;
				CLANG_WARN_UNGUARDED_AVAILABILITY = YES_AGGRESSIVE;
				CLANG_WARN_UNREACHABLE_CODE = YES;
				CLANG_WARN__DUPLICATE_METHOD_MATCH = YES;
				COPY_PHASE_STRIP = NO;
				DEBUG_INFORMATION_FORMAT = "dwarf-with-dsym";
				ENABLE_NS_ASSERTIONS = NO;
				ENABLE_STRICT_OBJC_MSGSEND = YES;
				GCC_C_LANGUAGE_STANDARD = gnu11;
				GCC_NO_COMMON_BLOCKS = YES;
				GCC_WARN_64_TO_32_BIT_CONVERSION = YES;
				GCC_WARN_ABOUT_RETURN_TYPE = YES_ERROR;
				GCC_WARN_UNDECLARED_SELECTOR = YES;
				GCC_WARN_UNINITIALIZED_AUTOS = YES_AGGRESSIVE;
				GCC_WARN_UNUSED_FUNCTION = YES;
				GCC_WARN_UNUSED_VARIABLE = YES;
				IPHONEOS_DEPLOYMENT_TARGET = 16.4;
				MTL_ENABLE_DEBUG_INFO = NO;
				MTL_FAST_MATH = YES;
				SDKROOT = iphoneos;
				SWIFT_COMPILATION_MODE = wholemodule;
				SWIFT_OPTIMIZATION_LEVEL = "-O";
				VALIDATE_PRODUCT = YES;
			};
			name = Release;
		};
		D8E3B0472A9C1D6A00717539 /* Debug */ = {
			isa = XCBuildConfiguration;
			buildSettings = {
				ASSETCATALOG_COMPILER_APPICON_NAME = AppIcon;
				ASSETCATALOG_COMPILER_GLOBAL_ACCENT_COLOR_NAME = AccentColor;
				CODE_SIGN_STYLE = Automatic;
				CURRENT_PROJECT_VERSION = 1;
				DEVELOPMENT_TEAM = AM9D6522QR;
				GENERATE_INFOPLIST_FILE = YES;
				INFOPLIST_FILE = PhotoGram/Info.plist;
				INFOPLIST_KEY_UIApplicationSupportsIndirectInputEvents = YES;
				INFOPLIST_KEY_UILaunchStoryboardName = LaunchScreen;
				INFOPLIST_KEY_UISupportedInterfaceOrientations_iPad = "UIInterfaceOrientationPortrait UIInterfaceOrientationPortraitUpsideDown UIInterfaceOrientationLandscapeLeft UIInterfaceOrientationLandscapeRight";
				INFOPLIST_KEY_UISupportedInterfaceOrientations_iPhone = "UIInterfaceOrientationPortrait UIInterfaceOrientationLandscapeLeft UIInterfaceOrientationLandscapeRight";
				LD_RUNPATH_SEARCH_PATHS = (
					"$(inherited)",
					"@executable_path/Frameworks",
				);
				MARKETING_VERSION = 1.0;
				PRODUCT_BUNDLE_IDENTIFIER = com.Sun.PhotoGram;
				PRODUCT_NAME = "$(TARGET_NAME)";
				SWIFT_EMIT_LOC_STRINGS = YES;
				SWIFT_VERSION = 5.0;
				TARGETED_DEVICE_FAMILY = "1,2";
			};
			name = Debug;
		};
		D8E3B0482A9C1D6A00717539 /* Release */ = {
			isa = XCBuildConfiguration;
			buildSettings = {
				ASSETCATALOG_COMPILER_APPICON_NAME = AppIcon;
				ASSETCATALOG_COMPILER_GLOBAL_ACCENT_COLOR_NAME = AccentColor;
				CODE_SIGN_STYLE = Automatic;
				CURRENT_PROJECT_VERSION = 1;
				DEVELOPMENT_TEAM = AM9D6522QR;
				GENERATE_INFOPLIST_FILE = YES;
				INFOPLIST_FILE = PhotoGram/Info.plist;
				INFOPLIST_KEY_UIApplicationSupportsIndirectInputEvents = YES;
				INFOPLIST_KEY_UILaunchStoryboardName = LaunchScreen;
				INFOPLIST_KEY_UISupportedInterfaceOrientations_iPad = "UIInterfaceOrientationPortrait UIInterfaceOrientationPortraitUpsideDown UIInterfaceOrientationLandscapeLeft UIInterfaceOrientationLandscapeRight";
				INFOPLIST_KEY_UISupportedInterfaceOrientations_iPhone = "UIInterfaceOrientationPortrait UIInterfaceOrientationLandscapeLeft UIInterfaceOrientationLandscapeRight";
				LD_RUNPATH_SEARCH_PATHS = (
					"$(inherited)",
					"@executable_path/Frameworks",
				);
				MARKETING_VERSION = 1.0;
				PRODUCT_BUNDLE_IDENTIFIER = com.Sun.PhotoGram;
				PRODUCT_NAME = "$(TARGET_NAME)";
				SWIFT_EMIT_LOC_STRINGS = YES;
				SWIFT_VERSION = 5.0;
				TARGETED_DEVICE_FAMILY = "1,2";
			};
			name = Release;
		};
/* End XCBuildConfiguration section */

/* Begin XCConfigurationList section */
		D8E3B02D2A9C1D6800717539 /* Build configuration list for PBXProject "PhotoGram" */ = {
			isa = XCConfigurationList;
			buildConfigurations = (
				D8E3B0442A9C1D6A00717539 /* Debug */,
				D8E3B0452A9C1D6A00717539 /* Release */,
			);
			defaultConfigurationIsVisible = 0;
			defaultConfigurationName = Release;
		};
		D8E3B0462A9C1D6A00717539 /* Build configuration list for PBXNativeTarget "PhotoGram" */ = {
			isa = XCConfigurationList;
			buildConfigurations = (
				D8E3B0472A9C1D6A00717539 /* Debug */,
				D8E3B0482A9C1D6A00717539 /* Release */,
			);
			defaultConfigurationIsVisible = 0;
			defaultConfigurationName = Release;
		};
/* End XCConfigurationList section */

/* Begin XCRemoteSwiftPackageReference section */
		D8E3B0492A9C1E1C00717539 /* XCRemoteSwiftPackageReference "SnapKit" */ = {
			isa = XCRemoteSwiftPackageReference;
			repositoryURL = "https://github.com/SnapKit/SnapKit.git";
			requirement = {
				kind = upToNextMajorVersion;
				minimumVersion = 5.0.0;
			};
		};
/* End XCRemoteSwiftPackageReference section */

/* Begin XCSwiftPackageProductDependency section */
		D8E3B04A2A9C1E1C00717539 /* SnapKit */ = {
			isa = XCSwiftPackageProductDependency;
			package = D8E3B0492A9C1E1C00717539 /* XCRemoteSwiftPackageReference "SnapKit" */;
			productName = SnapKit;
		};
/* End XCSwiftPackageProductDependency section */
	};
	rootObject = D8E3B02A2A9C1D6800717539 /* Project object */;
}
